
Microsoft Visual Studio Solution File, Format Version 12.00
# Visual Studio Version 17
VisualStudioVersion = 17.13.35825.156
MinimumVisualStudioVersion = 10.0.40219.1
Project("{FAE04EC0-301F-11D3-BF4B-00C04F79EFBC}") = "WebApplication2", "WebApplication2\WebApplication2.csproj", "{7016631E-B010-45C9-9953-714DC28533F6}"
EndProject
Project("{FAE04EC0-301F-11D3-BF4B-00C04F79EFBC}") = "WebApplication2.Tests", "WebApplication2.Tests\WebApplication2.Tests.csproj", "{EA31075B-1872-4BCD-9B7A-C168976626EA}"
EndProject
Global
	GlobalSection(SolutionConfigurationPlatforms) = preSolution
		Debug|Any CPU = Debug|Any CPU
		Debug|x64 = Debug|x64
		Debug|x86 = Debug|x86
		Release|Any CPU = Release|Any CPU
		Release|x64 = Release|x64
		Release|x86 = Release|x86
	EndGlobalSection
	GlobalSection(ProjectConfigurationPlatforms) = postSolution
		{7016631E-B010-45C9-9953-714DC28533F6}.Debug|Any CPU.ActiveCfg = Debug|Any CPU
		{7016631E-B010-45C9-9953-714DC28533F6}.Debug|Any CPU.Build.0 = Debug|Any CPU
		{7016631E-B010-45C9-9953-714DC28533F6}.Debug|x64.ActiveCfg = Debug|Any CPU
		{7016631E-B010-45C9-9953-714DC28533F6}.Debug|x64.Build.0 = Debug|Any CPU
		{7016631E-B010-45C9-9953-714DC28533F6}.Debug|x86.ActiveCfg = Debug|Any CPU
		{7016631E-B010-45C9-9953-714DC28533F6}.Debug|x86.Build.0 = Debug|Any CPU
		{7016631E-B010-45C9-9953-714DC28533F6}.Release|Any CPU.ActiveCfg = Release|Any CPU
		{7016631E-B010-45C9-9953-714DC28533F6}.Release|Any CPU.Build.0 = Release|Any CPU
		{7016631E-B010-45C9-9953-714DC28533F6}.Release|x64.ActiveCfg = Release|Any CPU
		{7016631E-B010-45C9-9953-714DC28533F6}.Release|x64.Build.0 = Release|Any CPU
		{7016631E-B010-45C9-9953-714DC28533F6}.Release|x86.ActiveCfg = Release|Any CPU
		{7016631E-B010-45C9-9953-714DC28533F6}.Release|x86.Build.0 = Release|Any CPU
		{EA31075B-1872-4BCD-9B7A-C168976626EA}.Debug|Any CPU.ActiveCfg = Debug|Any CPU
		{EA31075B-1872-4BCD-9B7A-C168976626EA}.Debug|Any CPU.Build.0 = Debug|Any CPU
		{EA31075B-1872-4BCD-9B7A-C168976626EA}.Debug|x64.ActiveCfg = Debug|Any CPU
		{EA31075B-1872-4BCD-9B7A-C168976626EA}.Debug|x64.Build.0 = Debug|Any CPU
		{EA31075B-1872-4BCD-9B7A-C168976626EA}.Debug|x86.ActiveCfg = Debug|Any CPU
		{EA31075B-1872-4BCD-9B7A-C168976626EA}.Debug|x86.Build.0 = Debug|Any CPU
		{EA31075B-1872-4BCD-9B7A-C168976626EA}.Release|Any CPU.ActiveCfg = Release|Any CPU
		{EA31075B-1872-4BCD-9B7A-C168976626EA}.Release|Any CPU.Build.0 = Release|Any CPU
		{EA31075B-1872-4BCD-9B7A-C168976626EA}.Release|x64.ActiveCfg = Release|Any CPU
		{EA31075B-1872-4BCD-9B7A-C168976626EA}.Release|x64.Build.0 = Release|Any CPU
		{EA31075B-1872-4BCD-9B7A-C168976626EA}.Release|x86.ActiveCfg = Release|Any CPU
		{EA31075B-1872-4BCD-9B7A-C168976626EA}.Release|x86.Build.0 = Release|Any CPU
	EndGlobalSection
	GlobalSection(SolutionProperties) = preSolution
		HideSolutionNode = FALSE
	EndGlobalSection
	GlobalSection(ExtensibilityGlobals) = postSolution
		SolutionGuid = {6244A810-1D76-4397-8159-3DA59DEC0E74}
	EndGlobalSection
EndGlobal
